// !$*UTF8*$!
{
	archiveVersion = 1;
	classes = {
	};
	objectVersion = 48;
	objects = {

/* Begin PBXBuildFile section */
		31A102CF4DBE37F9CD7D780C /* Pods_IMKLine.framework in Frameworks */ = {isa = PBXBuildFile; fileRef = 446077E43A084DC806417686 /* Pods_IMKLine.framework */; };
		B7063C18204AA42F00D3585E /* IMKLineDataParser.swift in Sources */ = {isa = PBXBuildFile; fileRef = B7063C17204AA42F00D3585E /* IMKLineDataParser.swift */; };
		B72A5EB21FEB5D5100FCAC37 /* data.json in Resources */ = {isa = PBXBuildFile; fileRef = B72A5EB11FEB5D5100FCAC37 /* data.json */; };
		B751C9A71FEEAAD6006025B1 /* Localizable.strings in Resources */ = {isa = PBXBuildFile; fileRef = B751C9A91FEEAAD6006025B1 /* Localizable.strings */; };
		B762B1D4204F70D60077518B /* IMKLineConfig.swift in Sources */ = {isa = PBXBuildFile; fileRef = B762B1A5204F70D50077518B /* IMKLineConfig.swift */; };
		B762B1D5204F70D60077518B /* IMKLineParamters.swift in Sources */ = {isa = PBXBuildFile; fileRef = B762B1A6204F70D50077518B /* IMKLineParamters.swift */; };
		B762B1D6204F70D60077518B /* IMKLineTheme.swift in Sources */ = {isa = PBXBuildFile; fileRef = B762B1A7204F70D50077518B /* IMKLineTheme.swift */; };
		B762B1D7204F70D60077518B /* BOLL介绍.md in Resources */ = {isa = PBXBuildFile; fileRef = B762B1A9204F70D50077518B /* BOLL介绍.md */; };
		B762B1D8204F70D60077518B /* IMKLine.swift in Sources */ = {isa = PBXBuildFile; fileRef = B762B1AA204F70D50077518B /* IMKLine.swift */; };
		B762B1D9204F70D60077518B /* IMKLineCalculator.swift in Sources */ = {isa = PBXBuildFile; fileRef = B762B1AB204F70D50077518B /* IMKLineCalculator.swift */; };
		B762B1DA204F70D60077518B /* IMKLineGroup.swift in Sources */ = {isa = PBXBuildFile; fileRef = B762B1AC204F70D50077518B /* IMKLineGroup.swift */; };
		B762B1DB204F70D60077518B /* IMKLineSubStruct.swift in Sources */ = {isa = PBXBuildFile; fileRef = B762B1AD204F70D50077518B /* IMKLineSubStruct.swift */; };
		B762B1DC204F70D60077518B /* KDJ介绍.md in Resources */ = {isa = PBXBuildFile; fileRef = B762B1AE204F70D50077518B /* KDJ介绍.md */; };
		B762B1DD204F70D60077518B /* MA-EMA-MACD介绍.md in Resources */ = {isa = PBXBuildFile; fileRef = B762B1AF204F70D50077518B /* MA-EMA-MACD介绍.md */; };
		B762B1DE204F70D60077518B /* RSI介绍.md in Resources */ = {isa = PBXBuildFile; fileRef = B762B1B0204F70D50077518B /* RSI介绍.md */; };
		B762B1DF204F70D60077518B /* IMKLineTool.swift in Sources */ = {isa = PBXBuildFile; fileRef = B762B1B2204F70D50077518B /* IMKLineTool.swift */; };
		B762B1E0204F70D60077518B /* UIColor+Extension.swift in Sources */ = {isa = PBXBuildFile; fileRef = B762B1B3204F70D50077518B /* UIColor+Extension.swift */; };
		B762B1E1204F70D60077518B /* IMKLineAccessoryMAView.swift in Sources */ = {isa = PBXBuildFile; fileRef = B762B1B6204F70D60077518B /* IMKLineAccessoryMAView.swift */; };
		B762B1E2204F70D60077518B /* IMKLineAccessoryView.swift in Sources */ = {isa = PBXBuildFile; fileRef = B762B1B7204F70D60077518B /* IMKLineAccessoryView.swift */; };
		B762B1E3204F70D60077518B /* IMKLineAccessoryPainter.swift in Sources */ = {isa = PBXBuildFile; fileRef = B762B1B9204F70D60077518B /* IMKLineAccessoryPainter.swift */; };
		B762B1E4204F70D60077518B /* IMKLineCrossLine.swift in Sources */ = {isa = PBXBuildFile; fileRef = B762B1BB204F70D60077518B /* IMKLineCrossLine.swift */; };
		B762B1E5204F70D60077518B /* IMKLineContainerView.swift in Sources */ = {isa = PBXBuildFile; fileRef = B762B1BC204F70D60077518B /* IMKLineContainerView.swift */; };
		B762B1E6204F70D60077518B /* IMKLineScrollView.swift in Sources */ = {isa = PBXBuildFile; fileRef = B762B1BD204F70D60077518B /* IMKLineScrollView.swift */; };
		B762B1E7204F70D60077518B /* IMKLineAccessorySetView.swift in Sources */ = {isa = PBXBuildFile; fileRef = B762B1BF204F70D60077518B /* IMKLineAccessorySetView.swift */; };
		B762B1E8204F70D60077518B /* IMKLineIndexSetContainerView.swift in Sources */ = {isa = PBXBuildFile; fileRef = B762B1C0204F70D60077518B /* IMKLineIndexSetContainerView.swift */; };
		B762B1E9204F70D60077518B /* IMKLineMASetView.swift in Sources */ = {isa = PBXBuildFile; fileRef = B762B1C1204F70D60077518B /* IMKLineMASetView.swift */; };
		B762B1EA204F70D60077518B /* IMKLineTimeFrameSetView.swift in Sources */ = {isa = PBXBuildFile; fileRef = B762B1C2204F70D60077518B /* IMKLineTimeFrameSetView.swift */; };
		B762B1EB204F70D60077518B /* IMKLineMAView.swift in Sources */ = {isa = PBXBuildFile; fileRef = B762B1C4204F70D60077518B /* IMKLineMAView.swift */; };
		B762B1EC204F70D60077518B /* IMKLineValueView.swift in Sources */ = {isa = PBXBuildFile; fileRef = B762B1C5204F70D60077518B /* IMKLineValueView.swift */; };
		B762B1ED204F70D60077518B /* IMKLineView.swift in Sources */ = {isa = PBXBuildFile; fileRef = B762B1C6204F70D60077518B /* IMKLineView.swift */; };
		B762B1EE204F70D60077518B /* IMKLineMAPainter.swift in Sources */ = {isa = PBXBuildFile; fileRef = B762B1C8204F70D60077518B /* IMKLineMAPainter.swift */; };
		B762B1EF204F70D60077518B /* IMKLinePainter.swift in Sources */ = {isa = PBXBuildFile; fileRef = B762B1C9204F70D60077518B /* IMKLinePainter.swift */; };
		B762B1F0204F70D60077518B /* IMKLineRightYView.swift in Sources */ = {isa = PBXBuildFile; fileRef = B762B1CB204F70D60077518B /* IMKLineRightYView.swift */; };
		B762B1F1204F70D60077518B /* IMKLineTimeView.swift in Sources */ = {isa = PBXBuildFile; fileRef = B762B1CD204F70D60077518B /* IMKLineTimeView.swift */; };
		B762B1F2204F70D60077518B /* IMKLineVolumeMAView.swift in Sources */ = {isa = PBXBuildFile; fileRef = B762B1CF204F70D60077518B /* IMKLineVolumeMAView.swift */; };
		B762B1F3204F70D60077518B /* IMKLineVolumeView.swift in Sources */ = {isa = PBXBuildFile; fileRef = B762B1D0204F70D60077518B /* IMKLineVolumeView.swift */; };
		B762B1F4204F70D60077518B /* IMKLineVolumeMAPainter.swift in Sources */ = {isa = PBXBuildFile; fileRef = B762B1D2204F70D60077518B /* IMKLineVolumeMAPainter.swift */; };
		B762B1F5204F70D60077518B /* IMKLineVolumePainter.swift in Sources */ = {isa = PBXBuildFile; fileRef = B762B1D3204F70D60077518B /* IMKLineVolumePainter.swift */; };
		B762B1FC204F7B6B0077518B /* IMLangHelper.swift in Sources */ = {isa = PBXBuildFile; fileRef = B762B1FB204F7B6B0077518B /* IMLangHelper.swift */; };
		B798C82A1FE9354500B159B6 /* AppDelegate.swift in Sources */ = {isa = PBXBuildFile; fileRef = B798C8291FE9354500B159B6 /* AppDelegate.swift */; };
		B798C82C1FE9354500B159B6 /* ViewController.swift in Sources */ = {isa = PBXBuildFile; fileRef = B798C82B1FE9354500B159B6 /* ViewController.swift */; };
		B798C82F1FE9354500B159B6 /* Main.storyboard in Resources */ = {isa = PBXBuildFile; fileRef = B798C82D1FE9354500B159B6 /* Main.storyboard */; };
		B798C8311FE9354500B159B6 /* Assets.xcassets in Resources */ = {isa = PBXBuildFile; fileRef = B798C8301FE9354500B159B6 /* Assets.xcassets */; };
		B798C8341FE9354500B159B6 /* LaunchScreen.storyboard in Resources */ = {isa = PBXBuildFile; fileRef = B798C8321FE9354500B159B6 /* LaunchScreen.storyboard */; };
		B798C83F1FE9363600B159B6 /* IMKLineChartViewController.swift in Sources */ = {isa = PBXBuildFile; fileRef = B798C83E1FE9363600B159B6 /* IMKLineChartViewController.swift */; };
		B798C8421FE93E1D00B159B6 /* R.generated.swift in Sources */ = {isa = PBXBuildFile; fileRef = B798C8411FE93E1D00B159B6 /* R.generated.swift */; };
/* End PBXBuildFile section */

/* Begin PBXFileReference section */
		446077E43A084DC806417686 /* Pods_IMKLine.framework */ = {isa = PBXFileReference; explicitFileType = wrapper.framework; includeInIndex = 0; path = Pods_IMKLine.framework; sourceTree = BUILT_PRODUCTS_DIR; };
		A5E2CE3DE9ABB00F5656253D /* Pods-IMKLine.debug.xcconfig */ = {isa = PBXFileReference; includeInIndex = 1; lastKnownFileType = text.xcconfig; name = "Pods-IMKLine.debug.xcconfig"; path = "Pods/Target Support Files/Pods-IMKLine/Pods-IMKLine.debug.xcconfig"; sourceTree = "<group>"; };
		A95A2D8D8BDD9CA568483315 /* Pods-IMKLine.release.xcconfig */ = {isa = PBXFileReference; includeInIndex = 1; lastKnownFileType = text.xcconfig; name = "Pods-IMKLine.release.xcconfig"; path = "Pods/Target Support Files/Pods-IMKLine/Pods-IMKLine.release.xcconfig"; sourceTree = "<group>"; };
		B7063C17204AA42F00D3585E /* IMKLineDataParser.swift */ = {isa = PBXFileReference; fileEncoding = 4; lastKnownFileType = sourcecode.swift; path = IMKLineDataParser.swift; sourceTree = "<group>"; };
		B72A5EB11FEB5D5100FCAC37 /* data.json */ = {isa = PBXFileReference; fileEncoding = 4; lastKnownFileType = text.json; path = data.json; sourceTree = "<group>"; };
		B751C9A81FEEAAD6006025B1 /* zh-Hans */ = {isa = PBXFileReference; lastKnownFileType = text.plist.strings; name = "zh-Hans"; path = "zh-Hans.lproj/Localizable.strings"; sourceTree = "<group>"; };
		B751C9AA1FEEAAD8006025B1 /* en */ = {isa = PBXFileReference; lastKnownFileType = text.plist.strings; name = en; path = en.lproj/Localizable.strings; sourceTree = "<group>"; };
		B762B1A5204F70D50077518B /* IMKLineConfig.swift */ = {isa = PBXFileReference; fileEncoding = 4; lastKnownFileType = sourcecode.swift; path = IMKLineConfig.swift; sourceTree = "<group>"; };
		B762B1A6204F70D50077518B /* IMKLineParamters.swift */ = {isa = PBXFileReference; fileEncoding = 4; lastKnownFileType = sourcecode.swift; path = IMKLineParamters.swift; sourceTree = "<group>"; };
		B762B1A7204F70D50077518B /* IMKLineTheme.swift */ = {isa = PBXFileReference; fileEncoding = 4; lastKnownFileType = sourcecode.swift; path = IMKLineTheme.swift; sourceTree = "<group>"; };
		B762B1A9204F70D50077518B /* BOLL介绍.md */ = {isa = PBXFileReference; fileEncoding = 4; lastKnownFileType = net.daringfireball.markdown; path = "BOLL介绍.md"; sourceTree = "<group>"; };
		B762B1AA204F70D50077518B /* IMKLine.swift */ = {isa = PBXFileReference; fileEncoding = 4; lastKnownFileType = sourcecode.swift; path = IMKLine.swift; sourceTree = "<group>"; };
		B762B1AB204F70D50077518B /* IMKLineCalculator.swift */ = {isa = PBXFileReference; fileEncoding = 4; lastKnownFileType = sourcecode.swift; path = IMKLineCalculator.swift; sourceTree = "<group>"; };
		B762B1AC204F70D50077518B /* IMKLineGroup.swift */ = {isa = PBXFileReference; fileEncoding = 4; lastKnownFileType = sourcecode.swift; path = IMKLineGroup.swift; sourceTree = "<group>"; };
		B762B1AD204F70D50077518B /* IMKLineSubStruct.swift */ = {isa = PBXFileReference; fileEncoding = 4; lastKnownFileType = sourcecode.swift; path = IMKLineSubStruct.swift; sourceTree = "<group>"; };
		B762B1AE204F70D50077518B /* KDJ介绍.md */ = {isa = PBXFileReference; fileEncoding = 4; lastKnownFileType = net.daringfireball.markdown; path = "KDJ介绍.md"; sourceTree = "<group>"; };
		B762B1AF204F70D50077518B /* MA-EMA-MACD介绍.md */ = {isa = PBXFileReference; fileEncoding = 4; lastKnownFileType = net.daringfireball.markdown; path = "MA-EMA-MACD介绍.md"; sourceTree = "<group>"; };
		B762B1B0204F70D50077518B /* RSI介绍.md */ = {isa = PBXFileReference; fileEncoding = 4; lastKnownFileType = net.daringfireball.markdown; path = "RSI介绍.md"; sourceTree = "<group>"; };
		B762B1B2204F70D50077518B /* IMKLineTool.swift */ = {isa = PBXFileReference; fileEncoding = 4; lastKnownFileType = sourcecode.swift; path = IMKLineTool.swift; sourceTree = "<group>"; };
		B762B1B3204F70D50077518B /* UIColor+Extension.swift */ = {isa = PBXFileReference; fileEncoding = 4; lastKnownFileType = sourcecode.swift; path = "UIColor+Extension.swift"; sourceTree = "<group>"; };
		B762B1B6204F70D60077518B /* IMKLineAccessoryMAView.swift */ = {isa = PBXFileReference; fileEncoding = 4; lastKnownFileType = sourcecode.swift; path = IMKLineAccessoryMAView.swift; sourceTree = "<group>"; };
		B762B1B7204F70D60077518B /* IMKLineAccessoryView.swift */ = {isa = PBXFileReference; fileEncoding = 4; lastKnownFileType = sourcecode.swift; path = IMKLineAccessoryView.swift; sourceTree = "<group>"; };
		B762B1B9204F70D60077518B /* IMKLineAccessoryPainter.swift */ = {isa = PBXFileReference; fileEncoding = 4; lastKnownFileType = sourcecode.swift; path = IMKLineAccessoryPainter.swift; sourceTree = "<group>"; };
		B762B1BB204F70D60077518B /* IMKLineCrossLine.swift */ = {isa = PBXFileReference; fileEncoding = 4; lastKnownFileType = sourcecode.swift; path = IMKLineCrossLine.swift; sourceTree = "<group>"; };
		B762B1BC204F70D60077518B /* IMKLineContainerView.swift */ = {isa = PBXFileReference; fileEncoding = 4; lastKnownFileType = sourcecode.swift; path = IMKLineContainerView.swift; sourceTree = "<group>"; };
		B762B1BD204F70D60077518B /* IMKLineScrollView.swift */ = {isa = PBXFileReference; fileEncoding = 4; lastKnownFileType = sourcecode.swift; path = IMKLineScrollView.swift; sourceTree = "<group>"; };
		B762B1BF204F70D60077518B /* IMKLineAccessorySetView.swift */ = {isa = PBXFileReference; fileEncoding = 4; lastKnownFileType = sourcecode.swift; path = IMKLineAccessorySetView.swift; sourceTree = "<group>"; };
		B762B1C0204F70D60077518B /* IMKLineIndexSetContainerView.swift */ = {isa = PBXFileReference; fileEncoding = 4; lastKnownFileType = sourcecode.swift; path = IMKLineIndexSetContainerView.swift; sourceTree = "<group>"; };
		B762B1C1204F70D60077518B /* IMKLineMASetView.swift */ = {isa = PBXFileReference; fileEncoding = 4; lastKnownFileType = sourcecode.swift; path = IMKLineMASetView.swift; sourceTree = "<group>"; };
		B762B1C2204F70D60077518B /* IMKLineTimeFrameSetView.swift */ = {isa = PBXFileReference; fileEncoding = 4; lastKnownFileType = sourcecode.swift; path = IMKLineTimeFrameSetView.swift; sourceTree = "<group>"; };
		B762B1C4204F70D60077518B /* IMKLineMAView.swift */ = {isa = PBXFileReference; fileEncoding = 4; lastKnownFileType = sourcecode.swift; path = IMKLineMAView.swift; sourceTree = "<group>"; };
		B762B1C5204F70D60077518B /* IMKLineValueView.swift */ = {isa = PBXFileReference; fileEncoding = 4; lastKnownFileType = sourcecode.swift; path = IMKLineValueView.swift; sourceTree = "<group>"; };
		B762B1C6204F70D60077518B /* IMKLineView.swift */ = {isa = PBXFileReference; fileEncoding = 4; lastKnownFileType = sourcecode.swift; path = IMKLineView.swift; sourceTree = "<group>"; };
		B762B1C8204F70D60077518B /* IMKLineMAPainter.swift */ = {isa = PBXFileReference; fileEncoding = 4; lastKnownFileType = sourcecode.swift; path = IMKLineMAPainter.swift; sourceTree = "<group>"; };
		B762B1C9204F70D60077518B /* IMKLinePainter.swift */ = {isa = PBXFileReference; fileEncoding = 4; lastKnownFileType = sourcecode.swift; path = IMKLinePainter.swift; sourceTree = "<group>"; };
		B762B1CB204F70D60077518B /* IMKLineRightYView.swift */ = {isa = PBXFileReference; fileEncoding = 4; lastKnownFileType = sourcecode.swift; path = IMKLineRightYView.swift; sourceTree = "<group>"; };
		B762B1CD204F70D60077518B /* IMKLineTimeView.swift */ = {isa = PBXFileReference; fileEncoding = 4; lastKnownFileType = sourcecode.swift; path = IMKLineTimeView.swift; sourceTree = "<group>"; };
		B762B1CF204F70D60077518B /* IMKLineVolumeMAView.swift */ = {isa = PBXFileReference; fileEncoding = 4; lastKnownFileType = sourcecode.swift; path = IMKLineVolumeMAView.swift; sourceTree = "<group>"; };
		B762B1D0204F70D60077518B /* IMKLineVolumeView.swift */ = {isa = PBXFileReference; fileEncoding = 4; lastKnownFileType = sourcecode.swift; path = IMKLineVolumeView.swift; sourceTree = "<group>"; };
		B762B1D2204F70D60077518B /* IMKLineVolumeMAPainter.swift */ = {isa = PBXFileReference; fileEncoding = 4; lastKnownFileType = sourcecode.swift; path = IMKLineVolumeMAPainter.swift; sourceTree = "<group>"; };
		B762B1D3204F70D60077518B /* IMKLineVolumePainter.swift */ = {isa = PBXFileReference; fileEncoding = 4; lastKnownFileType = sourcecode.swift; path = IMKLineVolumePainter.swift; sourceTree = "<group>"; };
		B762B1FB204F7B6B0077518B /* IMLangHelper.swift */ = {isa = PBXFileReference; lastKnownFileType = sourcecode.swift; path = IMLangHelper.swift; sourceTree = "<group>"; };
		B798C8261FE9354500B159B6 /* IMKLine.app */ = {isa = PBXFileReference; explicitFileType = wrapper.application; includeInIndex = 0; path = IMKLine.app; sourceTree = BUILT_PRODUCTS_DIR; };
		B798C8291FE9354500B159B6 /* AppDelegate.swift */ = {isa = PBXFileReference; lastKnownFileType = sourcecode.swift; path = AppDelegate.swift; sourceTree = "<group>"; };
		B798C82B1FE9354500B159B6 /* ViewController.swift */ = {isa = PBXFileReference; lastKnownFileType = sourcecode.swift; path = ViewController.swift; sourceTree = "<group>"; };
		B798C82E1FE9354500B159B6 /* Base */ = {isa = PBXFileReference; lastKnownFileType = file.storyboard; name = Base; path = Base.lproj/Main.storyboard; sourceTree = "<group>"; };
		B798C8301FE9354500B159B6 /* Assets.xcassets */ = {isa = PBXFileReference; lastKnownFileType = folder.assetcatalog; path = Assets.xcassets; sourceTree = "<group>"; };
		B798C8331FE9354500B159B6 /* Base */ = {isa = PBXFileReference; lastKnownFileType = file.storyboard; name = Base; path = Base.lproj/LaunchScreen.storyboard; sourceTree = "<group>"; };
		B798C8351FE9354500B159B6 /* Info.plist */ = {isa = PBXFileReference; lastKnownFileType = text.plist.xml; path = Info.plist; sourceTree = "<group>"; };
		B798C83E1FE9363600B159B6 /* IMKLineChartViewController.swift */ = {isa = PBXFileReference; lastKnownFileType = sourcecode.swift; path = IMKLineChartViewController.swift; sourceTree = "<group>"; };
		B798C8411FE93E1D00B159B6 /* R.generated.swift */ = {isa = PBXFileReference; fileEncoding = 4; lastKnownFileType = sourcecode.swift; path = R.generated.swift; sourceTree = "<group>"; };
/* End PBXFileReference section */

/* Begin PBXFrameworksBuildPhase section */
		B798C8231FE9354500B159B6 /* Frameworks */ = {
			isa = PBXFrameworksBuildPhase;
			buildActionMask = 2147483647;
			files = (
				31A102CF4DBE37F9CD7D780C /* Pods_IMKLine.framework in Frameworks */,
			);
			runOnlyForDeploymentPostprocessing = 0;
		};
/* End PBXFrameworksBuildPhase section */

/* Begin PBXGroup section */
		B762B1A3204F70D50077518B /* IMKLine */ = {
			isa = PBXGroup;
			children = (
				B762B1F8204F726D0077518B /* Resources */,
				B762B1A4204F70D50077518B /* Config */,
				B762B1A8204F70D50077518B /* Model */,
				B762B1B1204F70D50077518B /* Tool */,
				B762B1B4204F70D50077518B /* View */,
			);
			name = IMKLine;
			path = ../../IMKLine;
			sourceTree = "<group>";
		};
		B762B1A4204F70D50077518B /* Config */ = {
			isa = PBXGroup;
			children = (
				B762B1A5204F70D50077518B /* IMKLineConfig.swift */,
				B762B1A6204F70D50077518B /* IMKLineParamters.swift */,
				B762B1A7204F70D50077518B /* IMKLineTheme.swift */,
			);
			path = Config;
			sourceTree = "<group>";
		};
		B762B1A8204F70D50077518B /* Model */ = {
			isa = PBXGroup;
			children = (
				B762B1A9204F70D50077518B /* BOLL介绍.md */,
				B762B1AA204F70D50077518B /* IMKLine.swift */,
				B762B1AB204F70D50077518B /* IMKLineCalculator.swift */,
				B762B1AC204F70D50077518B /* IMKLineGroup.swift */,
				B762B1AD204F70D50077518B /* IMKLineSubStruct.swift */,
				B762B1AE204F70D50077518B /* KDJ介绍.md */,
				B762B1AF204F70D50077518B /* MA-EMA-MACD介绍.md */,
				B762B1B0204F70D50077518B /* RSI介绍.md */,
			);
			path = Model;
			sourceTree = "<group>";
		};
		B762B1B1204F70D50077518B /* Tool */ = {
			isa = PBXGroup;
			children = (
				B762B1B2204F70D50077518B /* IMKLineTool.swift */,
				B762B1B3204F70D50077518B /* UIColor+Extension.swift */,
				B762B1FB204F7B6B0077518B /* IMLangHelper.swift */,
			);
			path = Tool;
			sourceTree = "<group>";
		};
		B762B1B4204F70D50077518B /* View */ = {
			isa = PBXGroup;
			children = (
				B762B1B5204F70D60077518B /* AccessoryView */,
				B762B1BA204F70D60077518B /* CrossLine */,
				B762B1BC204F70D60077518B /* IMKLineContainerView.swift */,
				B762B1BD204F70D60077518B /* IMKLineScrollView.swift */,
				B762B1BE204F70D60077518B /* IndexSetView */,
				B762B1C3204F70D60077518B /* KLineView */,
				B762B1CA204F70D60077518B /* RightYView */,
				B762B1CC204F70D60077518B /* TimeView */,
				B762B1CE204F70D60077518B /* VolumeView */,
			);
			path = View;
			sourceTree = "<group>";
		};
		B762B1B5204F70D60077518B /* AccessoryView */ = {
			isa = PBXGroup;
			children = (
				B762B1B6204F70D60077518B /* IMKLineAccessoryMAView.swift */,
				B762B1B7204F70D60077518B /* IMKLineAccessoryView.swift */,
				B762B1B8204F70D60077518B /* Painter */,
			);
			path = AccessoryView;
			sourceTree = "<group>";
		};
		B762B1B8204F70D60077518B /* Painter */ = {
			isa = PBXGroup;
			children = (
				B762B1B9204F70D60077518B /* IMKLineAccessoryPainter.swift */,
			);
			path = Painter;
			sourceTree = "<group>";
		};
		B762B1BA204F70D60077518B /* CrossLine */ = {
			isa = PBXGroup;
			children = (
				B762B1BB204F70D60077518B /* IMKLineCrossLine.swift */,
			);
			path = CrossLine;
			sourceTree = "<group>";
		};
		B762B1BE204F70D60077518B /* IndexSetView */ = {
			isa = PBXGroup;
			children = (
				B762B1BF204F70D60077518B /* IMKLineAccessorySetView.swift */,
				B762B1C0204F70D60077518B /* IMKLineIndexSetContainerView.swift */,
				B762B1C1204F70D60077518B /* IMKLineMASetView.swift */,
				B762B1C2204F70D60077518B /* IMKLineTimeFrameSetView.swift */,
			);
			path = IndexSetView;
			sourceTree = "<group>";
		};
		B762B1C3204F70D60077518B /* KLineView */ = {
			isa = PBXGroup;
			children = (
				B762B1C4204F70D60077518B /* IMKLineMAView.swift */,
				B762B1C5204F70D60077518B /* IMKLineValueView.swift */,
				B762B1C6204F70D60077518B /* IMKLineView.swift */,
				B762B1C7204F70D60077518B /* Painter */,
			);
			path = KLineView;
			sourceTree = "<group>";
		};
		B762B1C7204F70D60077518B /* Painter */ = {
			isa = PBXGroup;
			children = (
				B762B1C8204F70D60077518B /* IMKLineMAPainter.swift */,
				B762B1C9204F70D60077518B /* IMKLinePainter.swift */,
			);
			path = Painter;
			sourceTree = "<group>";
		};
		B762B1CA204F70D60077518B /* RightYView */ = {
			isa = PBXGroup;
			children = (
				B762B1CB204F70D60077518B /* IMKLineRightYView.swift */,
			);
			path = RightYView;
			sourceTree = "<group>";
		};
		B762B1CC204F70D60077518B /* TimeView */ = {
			isa = PBXGroup;
			children = (
				B762B1CD204F70D60077518B /* IMKLineTimeView.swift */,
			);
			path = TimeView;
			sourceTree = "<group>";
		};
		B762B1CE204F70D60077518B /* VolumeView */ = {
			isa = PBXGroup;
			children = (
				B762B1CF204F70D60077518B /* IMKLineVolumeMAView.swift */,
				B762B1D0204F70D60077518B /* IMKLineVolumeView.swift */,
				B762B1D1204F70D60077518B /* Painter */,
			);
			path = VolumeView;
			sourceTree = "<group>";
		};
		B762B1D1204F70D60077518B /* Painter */ = {
			isa = PBXGroup;
			children = (
				B762B1D2204F70D60077518B /* IMKLineVolumeMAPainter.swift */,
				B762B1D3204F70D60077518B /* IMKLineVolumePainter.swift */,
			);
			path = Painter;
			sourceTree = "<group>";
		};
		B762B1F8204F726D0077518B /* Resources */ = {
			isa = PBXGroup;
			children = (
				B751C9A91FEEAAD6006025B1 /* Localizable.strings */,
			);
			path = Resources;
			sourceTree = "<group>";
		};
		B798C81D1FE9354500B159B6 = {
			isa = PBXGroup;
			children = (
				B798C8281FE9354500B159B6 /* IMKLine */,
				B798C8271FE9354500B159B6 /* Products */,
				D0F9CCB75D4D8098F64B1D79 /* Pods */,
				EB33BBBBB2917CF91814220B /* Frameworks */,
			);
			sourceTree = "<group>";
		};
		B798C8271FE9354500B159B6 /* Products */ = {
			isa = PBXGroup;
			children = (
				B798C8261FE9354500B159B6 /* IMKLine.app */,
			);
			name = Products;
			sourceTree = "<group>";
		};
		B798C8281FE9354500B159B6 /* IMKLine */ = {
			isa = PBXGroup;
			children = (
				B762B1A3204F70D50077518B /* IMKLine */,
				B798C8431FE93E5C00B159B6 /* Resources */,
				B798C82B1FE9354500B159B6 /* ViewController.swift */,
				B798C83E1FE9363600B159B6 /* IMKLineChartViewController.swift */,
				B7063C17204AA42F00D3585E /* IMKLineDataParser.swift */,
				B798C82D1FE9354500B159B6 /* Main.storyboard */,
				B798C8411FE93E1D00B159B6 /* R.generated.swift */,
			);
			path = IMKLine;
			sourceTree = "<group>";
		};
		B798C8431FE93E5C00B159B6 /* Resources */ = {
			isa = PBXGroup;
			children = (
				B72A5EB11FEB5D5100FCAC37 /* data.json */,
				B798C8291FE9354500B159B6 /* AppDelegate.swift */,
				B798C8301FE9354500B159B6 /* Assets.xcassets */,
				B798C8321FE9354500B159B6 /* LaunchScreen.storyboard */,
				B798C8351FE9354500B159B6 /* Info.plist */,
			);
			path = Resources;
			sourceTree = "<group>";
		};
		D0F9CCB75D4D8098F64B1D79 /* Pods */ = {
			isa = PBXGroup;
			children = (
				A5E2CE3DE9ABB00F5656253D /* Pods-IMKLine.debug.xcconfig */,
				A95A2D8D8BDD9CA568483315 /* Pods-IMKLine.release.xcconfig */,
			);
			name = Pods;
			sourceTree = "<group>";
		};
		EB33BBBBB2917CF91814220B /* Frameworks */ = {
			isa = PBXGroup;
			children = (
				446077E43A084DC806417686 /* Pods_IMKLine.framework */,
			);
			name = Frameworks;
			sourceTree = "<group>";
		};
/* End PBXGroup section */

/* Begin PBXNativeTarget section */
		B798C8251FE9354500B159B6 /* IMKLine */ = {
			isa = PBXNativeTarget;
			buildConfigurationList = B798C8381FE9354500B159B6 /* Build configuration list for PBXNativeTarget "IMKLine" */;
			buildPhases = (
				D2161A28E09809ED438A67BB /* [CP] Check Pods Manifest.lock */,
				B798C8401FE93DEB00B159B6 /* ShellScript */,
				B798C8221FE9354500B159B6 /* Sources */,
				B798C8231FE9354500B159B6 /* Frameworks */,
				B798C8241FE9354500B159B6 /* Resources */,
				31D2036EAFD4C9CB2BDA51BE /* [CP] Embed Pods Frameworks */,
				FD7C3F4663DDBA9B32E7E6CB /* [CP] Copy Pods Resources */,
			);
			buildRules = (
			);
			dependencies = (
			);
			name = IMKLine;
			productName = IMKLine;
			productReference = B798C8261FE9354500B159B6 /* IMKLine.app */;
			productType = "com.apple.product-type.application";
		};
/* End PBXNativeTarget section */

/* Begin PBXProject section */
		B798C81E1FE9354500B159B6 /* Project object */ = {
			isa = PBXProject;
			attributes = {
				LastSwiftUpdateCheck = 0910;
				LastUpgradeCheck = 0910;
				ORGANIZATIONNAME = iMoon;
				TargetAttributes = {
					B798C8251FE9354500B159B6 = {
						CreatedOnToolsVersion = 9.1;
						ProvisioningStyle = Automatic;
					};
				};
			};
			buildConfigurationList = B798C8211FE9354500B159B6 /* Build configuration list for PBXProject "IMKLine" */;
			compatibilityVersion = "Xcode 8.0";
			developmentRegion = en;
			hasScannedForEncodings = 0;
			knownRegions = (
				en,
				Base,
				"zh-Hans",
			);
			mainGroup = B798C81D1FE9354500B159B6;
			productRefGroup = B798C8271FE9354500B159B6 /* Products */;
			projectDirPath = "";
			projectRoot = "";
			targets = (
				B798C8251FE9354500B159B6 /* IMKLine */,
			);
		};
/* End PBXProject section */

/* Begin PBXResourcesBuildPhase section */
		B798C8241FE9354500B159B6 /* Resources */ = {
			isa = PBXResourcesBuildPhase;
			buildActionMask = 2147483647;
			files = (
				B798C8341FE9354500B159B6 /* LaunchScreen.storyboard in Resources */,
				B762B1DE204F70D60077518B /* RSI介绍.md in Resources */,
				B762B1D7204F70D60077518B /* BOLL介绍.md in Resources */,
				B798C8311FE9354500B159B6 /* Assets.xcassets in Resources */,
				B798C82F1FE9354500B159B6 /* Main.storyboard in Resources */,
				B751C9A71FEEAAD6006025B1 /* Localizable.strings in Resources */,
				B72A5EB21FEB5D5100FCAC37 /* data.json in Resources */,
				B762B1DC204F70D60077518B /* KDJ介绍.md in Resources */,
				B762B1DD204F70D60077518B /* MA-EMA-MACD介绍.md in Resources */,
			);
			runOnlyForDeploymentPostprocessing = 0;
		};
/* End PBXResourcesBuildPhase section */

/* Begin PBXShellScriptBuildPhase section */
		31D2036EAFD4C9CB2BDA51BE /* [CP] Embed Pods Frameworks */ = {
			isa = PBXShellScriptBuildPhase;
			buildActionMask = 2147483647;
			files = (
			);
			inputPaths = (
				"${SRCROOT}/Pods/Target Support Files/Pods-IMKLine/Pods-IMKLine-frameworks.sh",
				"${BUILT_PRODUCTS_DIR}/Alamofire/Alamofire.framework",
				"${BUILT_PRODUCTS_DIR}/R.swift.Library/Rswift.framework",
				"${PODS_ROOT}/Reveal-SDK/RevealServer-12/iOS/RevealServer.framework",
				"${BUILT_PRODUCTS_DIR}/SnapKit/SnapKit.framework",
				"${BUILT_PRODUCTS_DIR}/SwiftyBeaver/SwiftyBeaver.framework",
				"${BUILT_PRODUCTS_DIR}/SwiftyJSON/SwiftyJSON.framework",
			);
			name = "[CP] Embed Pods Frameworks";
			outputPaths = (
				"${TARGET_BUILD_DIR}/${FRAMEWORKS_FOLDER_PATH}/Alamofire.framework",
				"${TARGET_BUILD_DIR}/${FRAMEWORKS_FOLDER_PATH}/Rswift.framework",
				"${TARGET_BUILD_DIR}/${FRAMEWORKS_FOLDER_PATH}/RevealServer.framework",
				"${TARGET_BUILD_DIR}/${FRAMEWORKS_FOLDER_PATH}/SnapKit.framework",
				"${TARGET_BUILD_DIR}/${FRAMEWORKS_FOLDER_PATH}/SwiftyBeaver.framework",
				"${TARGET_BUILD_DIR}/${FRAMEWORKS_FOLDER_PATH}/SwiftyJSON.framework",
			);
			runOnlyForDeploymentPostprocessing = 0;
			shellPath = /bin/sh;
			shellScript = "\"${SRCROOT}/Pods/Target Support Files/Pods-IMKLine/Pods-IMKLine-frameworks.sh\"\n";
			showEnvVarsInLog = 0;
		};
		B798C8401FE93DEB00B159B6 /* ShellScript */ = {
			isa = PBXShellScriptBuildPhase;
			buildActionMask = 2147483647;
			files = (
			);
			inputPaths = (
			);
			outputPaths = (
			);
			runOnlyForDeploymentPostprocessing = 0;
			shellPath = /bin/sh;
			shellScript = "\"$PODS_ROOT/R.swift/rswift\" generate \"$SRCROOT/IMKLine\"\n";
		};
		D2161A28E09809ED438A67BB /* [CP] Check Pods Manifest.lock */ = {
			isa = PBXShellScriptBuildPhase;
			buildActionMask = 2147483647;
			files = (
			);
			inputPaths = (
				"${PODS_PODFILE_DIR_PATH}/Podfile.lock",
				"${PODS_ROOT}/Manifest.lock",
			);
			name = "[CP] Check Pods Manifest.lock";
			outputPaths = (
				"$(DERIVED_FILE_DIR)/Pods-IMKLine-checkManifestLockResult.txt",
			);
			runOnlyForDeploymentPostprocessing = 0;
			shellPath = /bin/sh;
			shellScript = "diff \"${PODS_PODFILE_DIR_PATH}/Podfile.lock\" \"${PODS_ROOT}/Manifest.lock\" > /dev/null\nif [ $? != 0 ] ; then\n    # print error to STDERR\n    echo \"error: The sandbox is not in sync with the Podfile.lock. Run 'pod install' or update your CocoaPods installation.\" >&2\n    exit 1\nfi\n# This output is used by Xcode 'outputs' to avoid re-running this script phase.\necho \"SUCCESS\" > \"${SCRIPT_OUTPUT_FILE_0}\"\n";
			showEnvVarsInLog = 0;
		};
		FD7C3F4663DDBA9B32E7E6CB /* [CP] Copy Pods Resources */ = {
			isa = PBXShellScriptBuildPhase;
			buildActionMask = 2147483647;
			files = (
			);
			inputPaths = (
			);
			name = "[CP] Copy Pods Resources";
			outputPaths = (
			);
			runOnlyForDeploymentPostprocessing = 0;
			shellPath = /bin/sh;
			shellScript = "\"${SRCROOT}/Pods/Target Support Files/Pods-IMKLine/Pods-IMKLine-resources.sh\"\n";
			showEnvVarsInLog = 0;
		};
/* End PBXShellScriptBuildPhase section */

/* Begin PBXSourcesBuildPhase section */
		B798C8221FE9354500B159B6 /* Sources */ = {
			isa = PBXSourcesBuildPhase;
			buildActionMask = 2147483647;
			files = (
				B762B1E9204F70D60077518B /* IMKLineMASetView.swift in Sources */,
				B762B1E4204F70D60077518B /* IMKLineCrossLine.swift in Sources */,
				B762B1DA204F70D60077518B /* IMKLineGroup.swift in Sources */,
				B7063C18204AA42F00D3585E /* IMKLineDataParser.swift in Sources */,
				B762B1ED204F70D60077518B /* IMKLineView.swift in Sources */,
				B762B1F4204F70D60077518B /* IMKLineVolumeMAPainter.swift in Sources */,
				B762B1D9204F70D60077518B /* IMKLineCalculator.swift in Sources */,
				B762B1D6204F70D60077518B /* IMKLineTheme.swift in Sources */,
				B762B1EE204F70D60077518B /* IMKLineMAPainter.swift in Sources */,
				B762B1E6204F70D60077518B /* IMKLineScrollView.swift in Sources */,
				B762B1E3204F70D60077518B /* IMKLineAccessoryPainter.swift in Sources */,
				B762B1EF204F70D60077518B /* IMKLinePainter.swift in Sources */,
				B762B1FC204F7B6B0077518B /* IMLangHelper.swift in Sources */,
				B762B1EB204F70D60077518B /* IMKLineMAView.swift in Sources */,
				B762B1E7204F70D60077518B /* IMKLineAccessorySetView.swift in Sources */,
				B762B1F0204F70D60077518B /* IMKLineRightYView.swift in Sources */,
				B762B1EC204F70D60077518B /* IMKLineValueView.swift in Sources */,
				B762B1E8204F70D60077518B /* IMKLineIndexSetContainerView.swift in Sources */,
				B762B1E5204F70D60077518B /* IMKLineContainerView.swift in Sources */,
				B798C82C1FE9354500B159B6 /* ViewController.swift in Sources */,
				B762B1E2204F70D60077518B /* IMKLineAccessoryView.swift in Sources */,
				B762B1E1204F70D60077518B /* IMKLineAccessoryMAView.swift in Sources */,
				B762B1F3204F70D60077518B /* IMKLineVolumeView.swift in Sources */,
				B762B1DB204F70D60077518B /* IMKLineSubStruct.swift in Sources */,
				B762B1DF204F70D60077518B /* IMKLineTool.swift in Sources */,
				B762B1E0204F70D60077518B /* UIColor+Extension.swift in Sources */,
				B762B1F5204F70D60077518B /* IMKLineVolumePainter.swift in Sources */,
				B798C83F1FE9363600B159B6 /* IMKLineChartViewController.swift in Sources */,
				B762B1EA204F70D60077518B /* IMKLineTimeFrameSetView.swift in Sources */,
				B762B1F1204F70D60077518B /* IMKLineTimeView.swift in Sources */,
				B762B1D5204F70D60077518B /* IMKLineParamters.swift in Sources */,
				B762B1D4204F70D60077518B /* IMKLineConfig.swift in Sources */,
				B798C82A1FE9354500B159B6 /* AppDelegate.swift in Sources */,
				B798C8421FE93E1D00B159B6 /* R.generated.swift in Sources */,
				B762B1F2204F70D60077518B /* IMKLineVolumeMAView.swift in Sources */,
				B762B1D8204F70D60077518B /* IMKLine.swift in Sources */,
			);
			runOnlyForDeploymentPostprocessing = 0;
		};
/* End PBXSourcesBuildPhase section */

/* Begin PBXVariantGroup section */
		B751C9A91FEEAAD6006025B1 /* Localizable.strings */ = {
			isa = PBXVariantGroup;
			children = (
				B751C9A81FEEAAD6006025B1 /* zh-Hans */,
				B751C9AA1FEEAAD8006025B1 /* en */,
			);
			name = Localizable.strings;
			sourceTree = "<group>";
		};
		B798C82D1FE9354500B159B6 /* Main.storyboard */ = {
			isa = PBXVariantGroup;
			children = (
				B798C82E1FE9354500B159B6 /* Base */,
			);
			name = Main.storyboard;
			sourceTree = "<group>";
		};
		B798C8321FE9354500B159B6 /* LaunchScreen.storyboard */ = {
			isa = PBXVariantGroup;
			children = (
				B798C8331FE9354500B159B6 /* Base */,
			);
			name = LaunchScreen.storyboard;
			sourceTree = "<group>";
		};
/* End PBXVariantGroup section */

/* Begin XCBuildConfiguration section */
		B798C8361FE9354500B159B6 /* Debug */ = {
			isa = XCBuildConfiguration;
			buildSettings = {
				ALWAYS_SEARCH_USER_PATHS = NO;
				CLANG_ANALYZER_LOCALIZABILITY_NONLOCALIZED = YES;
				CLANG_ANALYZER_NONNULL = YES;
				CLANG_ANALYZER_NUMBER_OBJECT_CONVERSION = YES_AGGRESSIVE;
				CLANG_CXX_LANGUAGE_STANDARD = "gnu++14";
				CLANG_CXX_LIBRARY = "libc++";
				CLANG_ENABLE_MODULES = YES;
				CLANG_ENABLE_OBJC_ARC = YES;
				CLANG_WARN_BLOCK_CAPTURE_AUTORELEASING = YES;
				CLANG_WARN_BOOL_CONVERSION = YES;
				CLANG_WARN_COMMA = YES;
				CLANG_WARN_CONSTANT_CONVERSION = YES;
				CLANG_WARN_DIRECT_OBJC_ISA_USAGE = YES_ERROR;
				CLANG_WARN_DOCUMENTATION_COMMENTS = YES;
				CLANG_WARN_EMPTY_BODY = YES;
				CLANG_WARN_ENUM_CONVERSION = YES;
				CLANG_WARN_INFINITE_RECURSION = YES;
				CLANG_WARN_INT_CONVERSION = YES;
				CLANG_WARN_NON_LITERAL_NULL_CONVERSION = YES;
				CLANG_WARN_OBJC_LITERAL_CONVERSION = YES;
				CLANG_WARN_OBJC_ROOT_CLASS = YES_ERROR;
				CLANG_WARN_RANGE_LOOP_ANALYSIS = YES;
				CLANG_WARN_STRICT_PROTOTYPES = YES;
				CLANG_WARN_SUSPICIOUS_MOVE = YES;
				CLANG_WARN_UNGUARDED_AVAILABILITY = YES_AGGRESSIVE;
				CLANG_WARN_UNREACHABLE_CODE = YES;
				CLANG_WARN__DUPLICATE_METHOD_MATCH = YES;
				CODE_SIGN_IDENTITY = "iPhone Developer";
				COPY_PHASE_STRIP = NO;
				DEBUG_INFORMATION_FORMAT = dwarf;
				ENABLE_STRICT_OBJC_MSGSEND = YES;
				ENABLE_TESTABILITY = YES;
				GCC_C_LANGUAGE_STANDARD = gnu11;
				GCC_DYNAMIC_NO_PIC = NO;
				GCC_NO_COMMON_BLOCKS = YES;
				GCC_OPTIMIZATION_LEVEL = 0;
				GCC_PREPROCESSOR_DEFINITIONS = (
					"DEBUG=1",
					"$(inherited)",
				);
				GCC_WARN_64_TO_32_BIT_CONVERSION = YES;
				GCC_WARN_ABOUT_RETURN_TYPE = YES_ERROR;
				GCC_WARN_UNDECLARED_SELECTOR = YES;
				GCC_WARN_UNINITIALIZED_AUTOS = YES_AGGRESSIVE;
				GCC_WARN_UNUSED_FUNCTION = YES;
				GCC_WARN_UNUSED_VARIABLE = YES;
				IPHONEOS_DEPLOYMENT_TARGET = 9.0;
				MTL_ENABLE_DEBUG_INFO = YES;
				ONLY_ACTIVE_ARCH = YES;
				SDKROOT = iphoneos;
				SWIFT_ACTIVE_COMPILATION_CONDITIONS = DEBUG;
				SWIFT_OPTIMIZATION_LEVEL = "-Onone";
			};
			name = Debug;
		};
		B798C8371FE9354500B159B6 /* Release */ = {
			isa = XCBuildConfiguration;
			buildSettings = {
				ALWAYS_SEARCH_USER_PATHS = NO;
				CLANG_ANALYZER_LOCALIZABILITY_NONLOCALIZED = YES;
				CLANG_ANALYZER_NONNULL = YES;
				CLANG_ANALYZER_NUMBER_OBJECT_CONVERSION = YES_AGGRESSIVE;
				CLANG_CXX_LANGUAGE_STANDARD = "gnu++14";
				CLANG_CXX_LIBRARY = "libc++";
				CLANG_ENABLE_MODULES = YES;
				CLANG_ENABLE_OBJC_ARC = YES;
				CLANG_WARN_BLOCK_CAPTURE_AUTORELEASING = YES;
				CLANG_WARN_BOOL_CONVERSION = YES;
				CLANG_WARN_COMMA = YES;
				CLANG_WARN_CONSTANT_CONVERSION = YES;
				CLANG_WARN_DIRECT_OBJC_ISA_USAGE = YES_ERROR;
				CLANG_WARN_DOCUMENTATION_COMMENTS = YES;
				CLANG_WARN_EMPTY_BODY = YES;
				CLANG_WARN_ENUM_CONVERSION = YES;
				CLANG_WARN_INFINITE_RECURSION = YES;
				CLANG_WARN_INT_CONVERSION = YES;
				CLANG_WARN_NON_LITERAL_NULL_CONVERSION = YES;
				CLANG_WARN_OBJC_LITERAL_CONVERSION = YES;
				CLANG_WARN_OBJC_ROOT_CLASS = YES_ERROR;
				CLANG_WARN_RANGE_LOOP_ANALYSIS = YES;
				CLANG_WARN_STRICT_PROTOTYPES = YES;
				CLANG_WARN_SUSPICIOUS_MOVE = YES;
				CLANG_WARN_UNGUARDED_AVAILABILITY = YES_AGGRESSIVE;
				CLANG_WARN_UNREACHABLE_CODE = YES;
				CLANG_WARN__DUPLICATE_METHOD_MATCH = YES;
				CODE_SIGN_IDENTITY = "iPhone Developer";
				COPY_PHASE_STRIP = NO;
				DEBUG_INFORMATION_FORMAT = "dwarf-with-dsym";
				ENABLE_NS_ASSERTIONS = NO;
				ENABLE_STRICT_OBJC_MSGSEND = YES;
				GCC_C_LANGUAGE_STANDARD = gnu11;
				GCC_NO_COMMON_BLOCKS = YES;
				GCC_WARN_64_TO_32_BIT_CONVERSION = YES;
				GCC_WARN_ABOUT_RETURN_TYPE = YES_ERROR;
				GCC_WARN_UNDECLARED_SELECTOR = YES;
				GCC_WARN_UNINITIALIZED_AUTOS = YES_AGGRESSIVE;
				GCC_WARN_UNUSED_FUNCTION = YES;
				GCC_WARN_UNUSED_VARIABLE = YES;
				IPHONEOS_DEPLOYMENT_TARGET = 9.0;
				MTL_ENABLE_DEBUG_INFO = NO;
				SDKROOT = iphoneos;
				SWIFT_OPTIMIZATION_LEVEL = "-Owholemodule";
				VALIDATE_PRODUCT = YES;
			};
			name = Release;
		};
		B798C8391FE9354500B159B6 /* Debug */ = {
			isa = XCBuildConfiguration;
			baseConfigurationReference = A5E2CE3DE9ABB00F5656253D /* Pods-IMKLine.debug.xcconfig */;
			buildSettings = {
				ASSETCATALOG_COMPILER_APPICON_NAME = AppIcon;
				CODE_SIGN_STYLE = Automatic;
				DEVELOPMENT_TEAM = WXK7UF23NY;
				INFOPLIST_FILE = IMKLine/Resources/Info.plist;
				LD_RUNPATH_SEARCH_PATHS = "$(inherited) @executable_path/Frameworks";
				PRODUCT_BUNDLE_IDENTIFIER = com.yeeyuntech.IMKLine;
				PRODUCT_NAME = "$(TARGET_NAME)";
				SWIFT_VERSION = 4.0;
				TARGETED_DEVICE_FAMILY = "1,2";
			};
			name = Debug;
		};
		B798C83A1FE9354500B159B6 /* Release */ = {
			isa = XCBuildConfiguration;
			baseConfigurationReference = A95A2D8D8BDD9CA568483315 /* Pods-IMKLine.release.xcconfig */;
			buildSettings = {
				ASSETCATALOG_COMPILER_APPICON_NAME = AppIcon;
				CODE_SIGN_STYLE = Automatic;
				DEVELOPMENT_TEAM = WXK7UF23NY;
				INFOPLIST_FILE = IMKLine/Resources/Info.plist;
				LD_RUNPATH_SEARCH_PATHS = "$(inherited) @executable_path/Frameworks";
				PRODUCT_BUNDLE_IDENTIFIER = com.yeeyuntech.IMKLine;
				PRODUCT_NAME = "$(TARGET_NAME)";
				SWIFT_VERSION = 4.0;
				TARGETED_DEVICE_FAMILY = "1,2";
			};
			name = Release;
		};
/* End XCBuildConfiguration section */

/* Begin XCConfigurationList section */
		B798C8211FE9354500B159B6 /* Build configuration list for PBXProject "IMKLine" */ = {
			isa = XCConfigurationList;
			buildConfigurations = (
				B798C8361FE9354500B159B6 /* Debug */,
				B798C8371FE9354500B159B6 /* Release */,
			);
			defaultConfigurationIsVisible = 0;
			defaultConfigurationName = Release;
		};
		B798C8381FE9354500B159B6 /* Build configuration list for PBXNativeTarget "IMKLine" */ = {
			isa = XCConfigurationList;
			buildConfigurations = (
				B798C8391FE9354500B159B6 /* Debug */,
				B798C83A1FE9354500B159B6 /* Release */,
			);
			defaultConfigurationIsVisible = 0;
			defaultConfigurationName = Release;
		};
/* End XCConfigurationList section */
	};
	rootObject = B798C81E1FE9354500B159B6 /* Project object */;
}
